
Microsoft Visual Studio Solution File, Format Version 12.00
# Visual Studio 15
VisualStudioVersion = 15.0.28307.1705
MinimumVisualStudioVersion = 10.0.40219.1
Project("{FAE04EC0-301F-11D3-BF4B-00C04F79EFBC}") = "Upload", "Upload\Upload.csproj", "{6A7EC5A2-BE1E-461E-88DD-4B76D1CD6CA1}"
EndProject
Global
	GlobalSection(SolutionConfigurationPlatforms) = preSolution
		Debug|Any CPU = Debug|Any CPU
		Release|Any CPU = Release|Any CPU
	EndGlobalSection
	GlobalSection(ProjectConfigurationPlatforms) = postSolution
		{6A7EC5A2-BE1E-461E-88DD-4B76D1CD6CA1}.Debug|Any CPU.ActiveCfg = Debug|Any CPU
		{6A7EC5A2-BE1E-461E-88DD-4B76D1CD6CA1}.Debug|Any CPU.Build.0 = Debug|Any CPU
		{6A7EC5A2-BE1E-461E-88DD-4B76D1CD6CA1}.Release|Any CPU.ActiveCfg = Release|Any CPU
		{6A7EC5A2-BE1E-461E-88DD-4B76D1CD6CA1}.Release|Any CPU.Build.0 = Release|Any CPU
	EndGlobalSection
	GlobalSection(SolutionProperties) = preSolution
		HideSolutionNode = FALSE
	EndGlobalSection
	GlobalSection(ExtensibilityGlobals) = postSolution
		SolutionGuid = {2A05FA88-8981-498F-A5FB-BC3D3FA66AC4}
	EndGlobalSection
EndGlobal
